
Microsoft Visual Studio Solution File, Format Version 12.00
# Visual Studio Version 17
VisualStudioVersion = 17.4.32916.344
MinimumVisualStudioVersion = 10.0.40219.1
Project("{00D1A9C2-B5F0-4AF3-8072-F6C62B433612}") = "SqlSpellChecker", "SqlSpellChecker.sqlproj", "{537E0943-BA32-4979-A56F-8A961509A998}"
EndProject
Global
	GlobalSection(SolutionConfigurationPlatforms) = preSolution
		Debug|Any CPU = Debug|Any CPU
		Release|Any CPU = Release|Any CPU
	EndGlobalSection
	GlobalSection(ProjectConfigurationPlatforms) = postSolution
		{537E0943-BA32-4979-A56F-8A961509A998}.Debug|Any CPU.ActiveCfg = Debug|Any CPU
		{537E0943-BA32-4979-A56F-8A961509A998}.Debug|Any CPU.Build.0 = Debug|Any CPU
		{537E0943-BA32-4979-A56F-8A961509A998}.Debug|Any CPU.Deploy.0 = Debug|Any CPU
		{537E0943-BA32-4979-A56F-8A961509A998}.Release|Any CPU.ActiveCfg = Release|Any CPU
		{537E0943-BA32-4979-A56F-8A961509A998}.Release|Any CPU.Build.0 = Release|Any CPU
		{537E0943-BA32-4979-A56F-8A961509A998}.Release|Any CPU.Deploy.0 = Release|Any CPU
	EndGlobalSection
	GlobalSection(SolutionProperties) = preSolution
		HideSolutionNode = FALSE
	EndGlobalSection
	GlobalSection(ExtensibilityGlobals) = postSolution
		SolutionGuid = {B229E00D-532C-403C-9064-5661E5666F37}
	EndGlobalSection
EndGlobal
